
Microsoft Visual Studio Solution File, Format Version 12.00
# Visual Studio Version 17
VisualStudioVersion = 17.13.35825.156 d17.13
MinimumVisualStudioVersion = 10.0.40219.1
Project("{FAE04EC0-301F-11D3-BF4B-00C04F79EFBC}") = "ResumeTracker.API", "ResumeTracker.API\ResumeTracker.API.csproj", "{58673598-9DE5-4D36-AFF8-57682782C18A}"
EndProject
Project("{FAE04EC0-301F-11D3-BF4B-00C04F79EFBC}") = "ResumeTracker.Core", "ResumeTracker.Core\ResumeTracker.Core.csproj", "{E15BCA8B-B05D-4F32-B329-EF28D68FEC43}"
EndProject
Project("{FAE04EC0-301F-11D3-BF4B-00C04F79EFBC}") = "ResumeTracker.Data", "ResumeTracker.Data\ResumeTracker.Data.csproj", "{755C47DF-25BB-4407-8A8A-B3C54CF433E2}"
EndProject
Global
	GlobalSection(SolutionConfigurationPlatforms) = preSolution
		Debug|Any CPU = Debug|Any CPU
		Release|Any CPU = Release|Any CPU
	EndGlobalSection
	GlobalSection(ProjectConfigurationPlatforms) = postSolution
		{58673598-9DE5-4D36-AFF8-57682782C18A}.Debug|Any CPU.ActiveCfg = Debug|Any CPU
		{58673598-9DE5-4D36-AFF8-57682782C18A}.Debug|Any CPU.Build.0 = Debug|Any CPU
		{58673598-9DE5-4D36-AFF8-57682782C18A}.Release|Any CPU.ActiveCfg = Release|Any CPU
		{58673598-9DE5-4D36-AFF8-57682782C18A}.Release|Any CPU.Build.0 = Release|Any CPU
		{E15BCA8B-B05D-4F32-B329-EF28D68FEC43}.Debug|Any CPU.ActiveCfg = Debug|Any CPU
		{E15BCA8B-B05D-4F32-B329-EF28D68FEC43}.Debug|Any CPU.Build.0 = Debug|Any CPU
		{E15BCA8B-B05D-4F32-B329-EF28D68FEC43}.Release|Any CPU.ActiveCfg = Release|Any CPU
		{E15BCA8B-B05D-4F32-B329-EF28D68FEC43}.Release|Any CPU.Build.0 = Release|Any CPU
		{755C47DF-25BB-4407-8A8A-B3C54CF433E2}.Debug|Any CPU.ActiveCfg = Debug|Any CPU
		{755C47DF-25BB-4407-8A8A-B3C54CF433E2}.Debug|Any CPU.Build.0 = Debug|Any CPU
		{755C47DF-25BB-4407-8A8A-B3C54CF433E2}.Release|Any CPU.ActiveCfg = Release|Any CPU
		{755C47DF-25BB-4407-8A8A-B3C54CF433E2}.Release|Any CPU.Build.0 = Release|Any CPU
	EndGlobalSection
	GlobalSection(SolutionProperties) = preSolution
		HideSolutionNode = FALSE
	EndGlobalSection
	GlobalSection(ExtensibilityGlobals) = postSolution
		SolutionGuid = {451D875B-3844-4B4B-96AC-C3BF3C1D4B4C}
	EndGlobalSection
EndGlobal
